
Microsoft Visual Studio Solution File, Format Version 12.00
# Visual Studio 14
VisualStudioVersion = 14.0.23107.0
MinimumVisualStudioVersion = 10.0.40219.1
Project("{FAE04EC0-301F-11D3-BF4B-00C04F79EFBC}") = "SampleAzureAppService", "SampleAzureAppService\SampleAzureAppService.csproj", "{0FE8E27B-3B0F-496E-97F5-FFF056B04DAE}"
EndProject
Global
	GlobalSection(SolutionConfigurationPlatforms) = preSolution
		Debug|Any CPU = Debug|Any CPU
		Release|Any CPU = Release|Any CPU
	EndGlobalSection
	GlobalSection(ProjectConfigurationPlatforms) = postSolution
		{0FE8E27B-3B0F-496E-97F5-FFF056B04DAE}.Debug|Any CPU.ActiveCfg = Debug|Any CPU
		{0FE8E27B-3B0F-496E-97F5-FFF056B04DAE}.Debug|Any CPU.Build.0 = Debug|Any CPU
		{0FE8E27B-3B0F-496E-97F5-FFF056B04DAE}.Release|Any CPU.ActiveCfg = Release|Any CPU
		{0FE8E27B-3B0F-496E-97F5-FFF056B04DAE}.Release|Any CPU.Build.0 = Release|Any CPU
	EndGlobalSection
	GlobalSection(SolutionProperties) = preSolution
		HideSolutionNode = FALSE
	EndGlobalSection
EndGlobal
